// !$*UTF8*$!
{
	archiveVersion = 1;
	classes = {
	};
	objectVersion = 50;
	objects = {

/* Begin PBXBuildFile section */
		97D593082719F121000E30E5 /* AppDelegate.swift in Sources */ = {isa = PBXBuildFile; fileRef = 97D593072719F121000E30E5 /* AppDelegate.swift */; };
		97D5930A2719F121000E30E5 /* BreakScene.sks in Resources */ = {isa = PBXBuildFile; fileRef = 97D593092719F121000E30E5 /* BreakScene.sks */; };
		97D5930C2719F121000E30E5 /* Actions.sks in Resources */ = {isa = PBXBuildFile; fileRef = 97D5930B2719F121000E30E5 /* Actions.sks */; };
		97D5930E2719F121000E30E5 /* BreakScene.swift in Sources */ = {isa = PBXBuildFile; fileRef = 97D5930D2719F121000E30E5 /* BreakScene.swift */; };
		97D593102719F121000E30E5 /* GameViewController.swift in Sources */ = {isa = PBXBuildFile; fileRef = 97D5930F2719F121000E30E5 /* GameViewController.swift */; };
		97D593132719F121000E30E5 /* Main.storyboard in Resources */ = {isa = PBXBuildFile; fileRef = 97D593112719F121000E30E5 /* Main.storyboard */; };
		97D593152719F122000E30E5 /* Assets.xcassets in Resources */ = {isa = PBXBuildFile; fileRef = 97D593142719F122000E30E5 /* Assets.xcassets */; };
		97D5933E271A0400000E30E5 /* BallB.png in Resources */ = {isa = PBXBuildFile; fileRef = 97D5933D271A0400000E30E5 /* BallB.png */; };
/* End PBXBuildFile section */

/* Begin PBXContainerItemProxy section */
		97D5931C2719F122000E30E5 /* PBXContainerItemProxy */ = {
			isa = PBXContainerItemProxy;
			containerPortal = 97D592FC2719F121000E30E5 /* Project object */;
			proxyType = 1;
			remoteGlobalIDString = 97D593032719F121000E30E5;
			remoteInfo = SwiftBreak;
		};
		97D593272719F122000E30E5 /* PBXContainerItemProxy */ = {
			isa = PBXContainerItemProxy;
			containerPortal = 97D592FC2719F121000E30E5 /* Project object */;
			proxyType = 1;
			remoteGlobalIDString = 97D593032719F121000E30E5;
			remoteInfo = SwiftBreak;
		};
/* End PBXContainerItemProxy section */

/* Begin PBXFileReference section */
		97D593042719F121000E30E5 /* SwiftBreak.app */ = {isa = PBXFileReference; explicitFileType = wrapper.application; includeInIndex = 0; path = SwiftBreak.app; sourceTree = BUILT_PRODUCTS_DIR; };
		97D593072719F121000E30E5 /* AppDelegate.swift */ = {isa = PBXFileReference; lastKnownFileType = sourcecode.swift; path = AppDelegate.swift; sourceTree = "<group>"; };
		97D593092719F121000E30E5 /* BreakScene.sks */ = {isa = PBXFileReference; lastKnownFileType = file.sks; path = BreakScene.sks; sourceTree = "<group>"; };
		97D5930B2719F121000E30E5 /* Actions.sks */ = {isa = PBXFileReference; lastKnownFileType = file.sks; path = Actions.sks; sourceTree = "<group>"; };
		97D5930D2719F121000E30E5 /* BreakScene.swift */ = {isa = PBXFileReference; lastKnownFileType = sourcecode.swift; path = BreakScene.swift; sourceTree = "<group>"; };
		97D5930F2719F121000E30E5 /* GameViewController.swift */ = {isa = PBXFileReference; lastKnownFileType = sourcecode.swift; path = GameViewController.swift; sourceTree = "<group>"; };
		97D593122719F121000E30E5 /* Base */ = {isa = PBXFileReference; lastKnownFileType = file.storyboard; name = Base; path = Base.lproj/Main.storyboard; sourceTree = "<group>"; };
		97D593142719F122000E30E5 /* Assets.xcassets */ = {isa = PBXFileReference; lastKnownFileType = folder.assetcatalog; path = Assets.xcassets; sourceTree = "<group>"; };
		97D593162719F122000E30E5 /* Info.plist */ = {isa = PBXFileReference; lastKnownFileType = text.plist.xml; path = Info.plist; sourceTree = "<group>"; };
		97D5931B2719F122000E30E5 /* SwiftBreakTests.xctest */ = {isa = PBXFileReference; explicitFileType = wrapper.cfbundle; includeInIndex = 0; path = SwiftBreakTests.xctest; sourceTree = BUILT_PRODUCTS_DIR; };
		97D593262719F122000E30E5 /* SwiftBreakUITests.xctest */ = {isa = PBXFileReference; explicitFileType = wrapper.cfbundle; includeInIndex = 0; path = SwiftBreakUITests.xctest; sourceTree = BUILT_PRODUCTS_DIR; };
		97D5933D271A0400000E30E5 /* BallB.png */ = {isa = PBXFileReference; lastKnownFileType = image.png; path = BallB.png; sourceTree = "<group>"; };
/* End PBXFileReference section */

/* Begin PBXFrameworksBuildPhase section */
		97D593012719F121000E30E5 /* Frameworks */ = {
			isa = PBXFrameworksBuildPhase;
			buildActionMask = 2147483647;
			files = (
			);
			runOnlyForDeploymentPostprocessing = 0;
		};
		97D593182719F122000E30E5 /* Frameworks */ = {
			isa = PBXFrameworksBuildPhase;
			buildActionMask = 2147483647;
			files = (
			);
			runOnlyForDeploymentPostprocessing = 0;
		};
		97D593232719F122000E30E5 /* Frameworks */ = {
			isa = PBXFrameworksBuildPhase;
			buildActionMask = 2147483647;
			files = (
			);
			runOnlyForDeploymentPostprocessing = 0;
		};
/* End PBXFrameworksBuildPhase section */

/* Begin PBXGroup section */
		97D592FB2719F121000E30E5 = {
			isa = PBXGroup;
			children = (
				97D593062719F121000E30E5 /* SwiftBreak */,
				97D593052719F121000E30E5 /* Products */,
			);
			sourceTree = "<group>";
		};
		97D593052719F121000E30E5 /* Products */ = {
			isa = PBXGroup;
			children = (
				97D593042719F121000E30E5 /* SwiftBreak.app */,
				97D5931B2719F122000E30E5 /* SwiftBreakTests.xctest */,
				97D593262719F122000E30E5 /* SwiftBreakUITests.xctest */,
			);
			name = Products;
			sourceTree = "<group>";
		};
		97D593062719F121000E30E5 /* SwiftBreak */ = {
			isa = PBXGroup;
			children = (
				97D593382719F14D000E30E5 /* Controller */,
				97D593392719F15B000E30E5 /* Model */,
				97D5933A2719F167000E30E5 /* View */,
				97D593142719F122000E30E5 /* Assets.xcassets */,
				97D593162719F122000E30E5 /* Info.plist */,
			);
			path = SwiftBreak;
			sourceTree = "<group>";
		};
		97D593382719F14D000E30E5 /* Controller */ = {
			isa = PBXGroup;
			children = (
				97D593072719F121000E30E5 /* AppDelegate.swift */,
				97D5930F2719F121000E30E5 /* GameViewController.swift */,
			);
			path = Controller;
			sourceTree = "<group>";
		};
		97D593392719F15B000E30E5 /* Model */ = {
			isa = PBXGroup;
			children = (
				97D5933D271A0400000E30E5 /* BallB.png */,
				97D593092719F121000E30E5 /* BreakScene.sks */,
				97D5930B2719F121000E30E5 /* Actions.sks */,
				97D5930D2719F121000E30E5 /* BreakScene.swift */,
			);
			path = Model;
			sourceTree = "<group>";
		};
		97D5933A2719F167000E30E5 /* View */ = {
			isa = PBXGroup;
			children = (
				97D593112719F121000E30E5 /* Main.storyboard */,
			);
			path = View;
			sourceTree = "<group>";
		};
/* End PBXGroup section */

/* Begin PBXNativeTarget section */
		97D593032719F121000E30E5 /* SwiftBreak */ = {
			isa = PBXNativeTarget;
			buildConfigurationList = 97D5932F2719F122000E30E5 /* Build configuration list for PBXNativeTarget "SwiftBreak" */;
			buildPhases = (
				97D593002719F121000E30E5 /* Sources */,
				97D593012719F121000E30E5 /* Frameworks */,
				97D593022719F121000E30E5 /* Resources */,
			);
			buildRules = (
			);
			dependencies = (
			);
			name = SwiftBreak;
			productName = SwiftBreak;
			productReference = 97D593042719F121000E30E5 /* SwiftBreak.app */;
			productType = "com.apple.product-type.application";
		};
		97D5931A2719F122000E30E5 /* SwiftBreakTests */ = {
			isa = PBXNativeTarget;
			buildConfigurationList = 97D593322719F122000E30E5 /* Build configuration list for PBXNativeTarget "SwiftBreakTests" */;
			buildPhases = (
				97D593172719F122000E30E5 /* Sources */,
				97D593182719F122000E30E5 /* Frameworks */,
				97D593192719F122000E30E5 /* Resources */,
			);
			buildRules = (
			);
			dependencies = (
				97D5931D2719F122000E30E5 /* PBXTargetDependency */,
			);
			name = SwiftBreakTests;
			productName = SwiftBreakTests;
			productReference = 97D5931B2719F122000E30E5 /* SwiftBreakTests.xctest */;
			productType = "com.apple.product-type.bundle.unit-test";
		};
		97D593252719F122000E30E5 /* SwiftBreakUITests */ = {
			isa = PBXNativeTarget;
			buildConfigurationList = 97D593352719F122000E30E5 /* Build configuration list for PBXNativeTarget "SwiftBreakUITests" */;
			buildPhases = (
				97D593222719F122000E30E5 /* Sources */,
				97D593232719F122000E30E5 /* Frameworks */,
				97D593242719F122000E30E5 /* Resources */,
			);
			buildRules = (
			);
			dependencies = (
				97D593282719F122000E30E5 /* PBXTargetDependency */,
			);
			name = SwiftBreakUITests;
			productName = SwiftBreakUITests;
			productReference = 97D593262719F122000E30E5 /* SwiftBreakUITests.xctest */;
			productType = "com.apple.product-type.bundle.ui-testing";
		};
/* End PBXNativeTarget section */

/* Begin PBXProject section */
		97D592FC2719F121000E30E5 /* Project object */ = {
			isa = PBXProject;
			attributes = {
				LastSwiftUpdateCheck = 1250;
				LastUpgradeCheck = 1250;
				TargetAttributes = {
					97D593032719F121000E30E5 = {
						CreatedOnToolsVersion = 12.5.1;
					};
					97D5931A2719F122000E30E5 = {
						CreatedOnToolsVersion = 12.5.1;
						TestTargetID = 97D593032719F121000E30E5;
					};
					97D593252719F122000E30E5 = {
						CreatedOnToolsVersion = 12.5.1;
						TestTargetID = 97D593032719F121000E30E5;
					};
				};
			};
			buildConfigurationList = 97D592FF2719F121000E30E5 /* Build configuration list for PBXProject "SwiftBreak" */;
			compatibilityVersion = "Xcode 9.3";
			developmentRegion = en;
			hasScannedForEncodings = 0;
			knownRegions = (
				en,
				Base,
			);
			mainGroup = 97D592FB2719F121000E30E5;
			productRefGroup = 97D593052719F121000E30E5 /* Products */;
			projectDirPath = "";
			projectRoot = "";
			targets = (
				97D593032719F121000E30E5 /* SwiftBreak */,
				97D5931A2719F122000E30E5 /* SwiftBreakTests */,
				97D593252719F122000E30E5 /* SwiftBreakUITests */,
			);
		};
/* End PBXProject section */

/* Begin PBXResourcesBuildPhase section */
		97D593022719F121000E30E5 /* Resources */ = {
			isa = PBXResourcesBuildPhase;
			buildActionMask = 2147483647;
			files = (
				97D593132719F121000E30E5 /* Main.storyboard in Resources */,
				97D5933E271A0400000E30E5 /* BallB.png in Resources */,
				97D5930A2719F121000E30E5 /* BreakScene.sks in Resources */,
				97D593152719F122000E30E5 /* Assets.xcassets in Resources */,
				97D5930C2719F121000E30E5 /* Actions.sks in Resources */,
			);
			runOnlyForDeploymentPostprocessing = 0;
		};
		97D593192719F122000E30E5 /* Resources */ = {
			isa = PBXResourcesBuildPhase;
			buildActionMask = 2147483647;
			files = (
			);
			runOnlyForDeploymentPostprocessing = 0;
		};
		97D593242719F122000E30E5 /* Resources */ = {
			isa = PBXResourcesBuildPhase;
			buildActionMask = 2147483647;
			files = (
			);
			runOnlyForDeploymentPostprocessing = 0;
		};
/* End PBXResourcesBuildPhase section */

/* Begin PBXSourcesBuildPhase section */
		97D593002719F121000E30E5 /* Sources */ = {
			isa = PBXSourcesBuildPhase;
			buildActionMask = 2147483647;
			files = (
				97D5930E2719F121000E30E5 /* BreakScene.swift in Sources */,
				97D593102719F121000E30E5 /* GameViewController.swift in Sources */,
				97D593082719F121000E30E5 /* AppDelegate.swift in Sources */,
			);
			runOnlyForDeploymentPostprocessing = 0;
		};
		97D593172719F122000E30E5 /* Sources */ = {
			isa = PBXSourcesBuildPhase;
			buildActionMask = 2147483647;
			files = (
			);
			runOnlyForDeploymentPostprocessing = 0;
		};
		97D593222719F122000E30E5 /* Sources */ = {
			isa = PBXSourcesBuildPhase;
			buildActionMask = 2147483647;
			files = (
			);
			runOnlyForDeploymentPostprocessing = 0;
		};
/* End PBXSourcesBuildPhase section */

/* Begin PBXTargetDependency section */
		97D5931D2719F122000E30E5 /* PBXTargetDependency */ = {
			isa = PBXTargetDependency;
			target = 97D593032719F121000E30E5 /* SwiftBreak */;
			targetProxy = 97D5931C2719F122000E30E5 /* PBXContainerItemProxy */;
		};
		97D593282719F122000E30E5 /* PBXTargetDependency */ = {
			isa = PBXTargetDependency;
			target = 97D593032719F121000E30E5 /* SwiftBreak */;
			targetProxy = 97D593272719F122000E30E5 /* PBXContainerItemProxy */;
		};
/* End PBXTargetDependency section */

/* Begin PBXVariantGroup section */
		97D593112719F121000E30E5 /* Main.storyboard */ = {
			isa = PBXVariantGroup;
			children = (
				97D593122719F121000E30E5 /* Base */,
			);
			name = Main.storyboard;
			sourceTree = "<group>";
		};
/* End PBXVariantGroup section */

/* Begin XCBuildConfiguration section */
		97D5932D2719F122000E30E5 /* Debug */ = {
			isa = XCBuildConfiguration;
			buildSettings = {
				ALWAYS_SEARCH_USER_PATHS = NO;
				CLANG_ANALYZER_NONNULL = YES;
				CLANG_ANALYZER_NUMBER_OBJECT_CONVERSION = YES_AGGRESSIVE;
				CLANG_CXX_LANGUAGE_STANDARD = "gnu++14";
				CLANG_CXX_LIBRARY = "libc++";
				CLANG_ENABLE_MODULES = YES;
				CLANG_ENABLE_OBJC_ARC = YES;
				CLANG_ENABLE_OBJC_WEAK = YES;
				CLANG_WARN_BLOCK_CAPTURE_AUTORELEASING = YES;
				CLANG_WARN_BOOL_CONVERSION = YES;
				CLANG_WARN_COMMA = YES;
				CLANG_WARN_CONSTANT_CONVERSION = YES;
				CLANG_WARN_DEPRECATED_OBJC_IMPLEMENTATIONS = YES;
				CLANG_WARN_DIRECT_OBJC_ISA_USAGE = YES_ERROR;
				CLANG_WARN_DOCUMENTATION_COMMENTS = YES;
				CLANG_WARN_EMPTY_BODY = YES;
				CLANG_WARN_ENUM_CONVERSION = YES;
				CLANG_WARN_INFINITE_RECURSION = YES;
				CLANG_WARN_INT_CONVERSION = YES;
				CLANG_WARN_NON_LITERAL_NULL_CONVERSION = YES;
				CLANG_WARN_OBJC_IMPLICIT_RETAIN_SELF = YES;
				CLANG_WARN_OBJC_LITERAL_CONVERSION = YES;
				CLANG_WARN_OBJC_ROOT_CLASS = YES_ERROR;
				CLANG_WARN_QUOTED_INCLUDE_IN_FRAMEWORK_HEADER = YES;
				CLANG_WARN_RANGE_LOOP_ANALYSIS = YES;
				CLANG_WARN_STRICT_PROTOTYPES = YES;
				CLANG_WARN_SUSPICIOUS_MOVE = YES;
				CLANG_WARN_UNGUARDED_AVAILABILITY = YES_AGGRESSIVE;
				CLANG_WARN_UNREACHABLE_CODE = YES;
				CLANG_WARN__DUPLICATE_METHOD_MATCH = YES;
				COPY_PHASE_STRIP = NO;
				DEBUG_INFORMATION_FORMAT = dwarf;
				ENABLE_STRICT_OBJC_MSGSEND = YES;
				ENABLE_TESTABILITY = YES;
				GCC_C_LANGUAGE_STANDARD = gnu11;
				GCC_DYNAMIC_NO_PIC = NO;
				GCC_NO_COMMON_BLOCKS = YES;
				GCC_OPTIMIZATION_LEVEL = 0;
				GCC_PREPROCESSOR_DEFINITIONS = (
					"DEBUG=1",
					"$(inherited)",
				);
				GCC_WARN_64_TO_32_BIT_CONVERSION = YES;
				GCC_WARN_ABOUT_RETURN_TYPE = YES_ERROR;
				GCC_WARN_UNDECLARED_SELECTOR = YES;
				GCC_WARN_UNINITIALIZED_AUTOS = YES_AGGRESSIVE;
				GCC_WARN_UNUSED_FUNCTION = YES;
				GCC_WARN_UNUSED_VARIABLE = YES;
				IPHONEOS_DEPLOYMENT_TARGET = 14.5;
				MTL_ENABLE_DEBUG_INFO = INCLUDE_SOURCE;
				MTL_FAST_MATH = YES;
				ONLY_ACTIVE_ARCH = YES;
				SDKROOT = iphoneos;
				SWIFT_ACTIVE_COMPILATION_CONDITIONS = DEBUG;
				SWIFT_OPTIMIZATION_LEVEL = "-Onone";
			};
			name = Debug;
		};
		97D5932E2719F122000E30E5 /* Release */ = {
			isa = XCBuildConfiguration;
			buildSettings = {
				ALWAYS_SEARCH_USER_PATHS = NO;
				CLANG_ANALYZER_NONNULL = YES;
				CLANG_ANALYZER_NUMBER_OBJECT_CONVERSION = YES_AGGRESSIVE;
				CLANG_CXX_LANGUAGE_STANDARD = "gnu++14";
				CLANG_CXX_LIBRARY = "libc++";
				CLANG_ENABLE_MODULES = YES;
				CLANG_ENABLE_OBJC_ARC = YES;
				CLANG_ENABLE_OBJC_WEAK = YES;
				CLANG_WARN_BLOCK_CAPTURE_AUTORELEASING = YES;
				CLANG_WARN_BOOL_CONVERSION = YES;
				CLANG_WARN_COMMA = YES;
				CLANG_WARN_CONSTANT_CONVERSION = YES;
				CLANG_WARN_DEPRECATED_OBJC_IMPLEMENTATIONS = YES;
				CLANG_WARN_DIRECT_OBJC_ISA_USAGE = YES_ERROR;
				CLANG_WARN_DOCUMENTATION_COMMENTS = YES;
				CLANG_WARN_EMPTY_BODY = YES;
				CLANG_WARN_ENUM_CONVERSION = YES;
				CLANG_WARN_INFINITE_RECURSION = YES;
				CLANG_WARN_INT_CONVERSION = YES;
				CLANG_WARN_NON_LITERAL_NULL_CONVERSION = YES;
				CLANG_WARN_OBJC_IMPLICIT_RETAIN_SELF = YES;
				CLANG_WARN_OBJC_LITERAL_CONVERSION = YES;
				CLANG_WARN_OBJC_ROOT_CLASS = YES_ERROR;
				CLANG_WARN_QUOTED_INCLUDE_IN_FRAMEWORK_HEADER = YES;
				CLANG_WARN_RANGE_LOOP_ANALYSIS = YES;
				CLANG_WARN_STRICT_PROTOTYPES = YES;
				CLANG_WARN_SUSPICIOUS_MOVE = YES;
				CLANG_WARN_UNGUARDED_AVAILABILITY = YES_AGGRESSIVE;
				CLANG_WARN_UNREACHABLE_CODE = YES;
				CLANG_WARN__DUPLICATE_METHOD_MATCH = YES;
				COPY_PHASE_STRIP = NO;
				DEBUG_INFORMATION_FORMAT = "dwarf-with-dsym";
				ENABLE_NS_ASSERTIONS = NO;
				ENABLE_STRICT_OBJC_MSGSEND = YES;
				GCC_C_LANGUAGE_STANDARD = gnu11;
				GCC_NO_COMMON_BLOCKS = YES;
				GCC_WARN_64_TO_32_BIT_CONVERSION = YES;
				GCC_WARN_ABOUT_RETURN_TYPE = YES_ERROR;
				GCC_WARN_UNDECLARED_SELECTOR = YES;
				GCC_WARN_UNINITIALIZED_AUTOS = YES_AGGRESSIVE;
				GCC_WARN_UNUSED_FUNCTION = YES;
				GCC_WARN_UNUSED_VARIABLE = YES;
				IPHONEOS_DEPLOYMENT_TARGET = 14.5;
				MTL_ENABLE_DEBUG_INFO = NO;
				MTL_FAST_MATH = YES;
				SDKROOT = iphoneos;
				SWIFT_COMPILATION_MODE = wholemodule;
				SWIFT_OPTIMIZATION_LEVEL = "-O";
				VALIDATE_PRODUCT = YES;
			};
			name = Release;
		};
		97D593302719F122000E30E5 /* Debug */ = {
			isa = XCBuildConfiguration;
			buildSettings = {
				ASSETCATALOG_COMPILER_APPICON_NAME = AppIcon;
				ASSETCATALOG_COMPILER_GLOBAL_ACCENT_COLOR_NAME = AccentColor;
				CODE_SIGN_STYLE = Automatic;
				INFOPLIST_FILE = SwiftBreak/Info.plist;
				LD_RUNPATH_SEARCH_PATHS = (
					"$(inherited)",
					"@executable_path/Frameworks",
				);
				PRODUCT_BUNDLE_IDENTIFIER = WSU.SwiftBreak;
				PRODUCT_NAME = "$(TARGET_NAME)";
				SWIFT_VERSION = 5.0;
				TARGETED_DEVICE_FAMILY = "1,2";
			};
			name = Debug;
		};
		97D593312719F122000E30E5 /* Release */ = {
			isa = XCBuildConfiguration;
			buildSettings = {
				ASSETCATALOG_COMPILER_APPICON_NAME = AppIcon;
				ASSETCATALOG_COMPILER_GLOBAL_ACCENT_COLOR_NAME = AccentColor;
				CODE_SIGN_STYLE = Automatic;
				INFOPLIST_FILE = SwiftBreak/Info.plist;
				LD_RUNPATH_SEARCH_PATHS = (
					"$(inherited)",
					"@executable_path/Frameworks",
				);
				PRODUCT_BUNDLE_IDENTIFIER = WSU.SwiftBreak;
				PRODUCT_NAME = "$(TARGET_NAME)";
				SWIFT_VERSION = 5.0;
				TARGETED_DEVICE_FAMILY = "1,2";
			};
			name = Release;
		};
		97D593332719F122000E30E5 /* Debug */ = {
			isa = XCBuildConfiguration;
			buildSettings = {
				ALWAYS_EMBED_SWIFT_STANDARD_LIBRARIES = YES;
				BUNDLE_LOADER = "$(TEST_HOST)";
				CODE_SIGN_STYLE = Automatic;
				INFOPLIST_FILE = SwiftBreakTests/Info.plist;
				IPHONEOS_DEPLOYMENT_TARGET = 14.5;
				LD_RUNPATH_SEARCH_PATHS = (
					"$(inherited)",
					"@executable_path/Frameworks",
					"@loader_path/Frameworks",
				);
				PRODUCT_BUNDLE_IDENTIFIER = WSU.SwiftBreakTests;
				PRODUCT_NAME = "$(TARGET_NAME)";
				SWIFT_VERSION = 5.0;
				TARGETED_DEVICE_FAMILY = "1,2";
				TEST_HOST = "$(BUILT_PRODUCTS_DIR)/SwiftBreak.app/SwiftBreak";
			};
			name = Debug;
		};
		97D593342719F122000E30E5 /* Release */ = {
			isa = XCBuildConfiguration;
			buildSettings = {
				ALWAYS_EMBED_SWIFT_STANDARD_LIBRARIES = YES;
				BUNDLE_LOADER = "$(TEST_HOST)";
				CODE_SIGN_STYLE = Automatic;
				INFOPLIST_FILE = SwiftBreakTests/Info.plist;
				IPHONEOS_DEPLOYMENT_TARGET = 14.5;
				LD_RUNPATH_SEARCH_PATHS = (
					"$(inherited)",
					"@executable_path/Frameworks",
					"@loader_path/Frameworks",
				);
				PRODUCT_BUNDLE_IDENTIFIER = WSU.SwiftBreakTests;
				PRODUCT_NAME = "$(TARGET_NAME)";
				SWIFT_VERSION = 5.0;
				TARGETED_DEVICE_FAMILY = "1,2";
				TEST_HOST = "$(BUILT_PRODUCTS_DIR)/SwiftBreak.app/SwiftBreak";
			};
			name = Release;
		};
		97D593362719F122000E30E5 /* Debug */ = {
			isa = XCBuildConfiguration;
			buildSettings = {
				ALWAYS_EMBED_SWIFT_STANDARD_LIBRARIES = YES;
				CODE_SIGN_STYLE = Automatic;
				INFOPLIST_FILE = SwiftBreakUITests/Info.plist;
				LD_RUNPATH_SEARCH_PATHS = (
					"$(inherited)",
					"@executable_path/Frameworks",
					"@loader_path/Frameworks",
				);
				PRODUCT_BUNDLE_IDENTIFIER = WSU.SwiftBreakUITests;
				PRODUCT_NAME = "$(TARGET_NAME)";
				SWIFT_VERSION = 5.0;
				TARGETED_DEVICE_FAMILY = "1,2";
				TEST_TARGET_NAME = SwiftBreak;
			};
			name = Debug;
		};
		97D593372719F122000E30E5 /* Release */ = {
			isa = XCBuildConfiguration;
			buildSettings = {
				ALWAYS_EMBED_SWIFT_STANDARD_LIBRARIES = YES;
				CODE_SIGN_STYLE = Automatic;
				INFOPLIST_FILE = SwiftBreakUITests/Info.plist;
				LD_RUNPATH_SEARCH_PATHS = (
					"$(inherited)",
					"@executable_path/Frameworks",
					"@loader_path/Frameworks",
				);
				PRODUCT_BUNDLE_IDENTIFIER = WSU.SwiftBreakUITests;
				PRODUCT_NAME = "$(TARGET_NAME)";
				SWIFT_VERSION = 5.0;
				TARGETED_DEVICE_FAMILY = "1,2";
				TEST_TARGET_NAME = SwiftBreak;
			};
			name = Release;
		};
/* End XCBuildConfiguration section */

/* Begin XCConfigurationList section */
		97D592FF2719F121000E30E5 /* Build configuration list for PBXProject "SwiftBreak" */ = {
			isa = XCConfigurationList;
			buildConfigurations = (
				97D5932D2719F122000E30E5 /* Debug */,
				97D5932E2719F122000E30E5 /* Release */,
			);
			defaultConfigurationIsVisible = 0;
			defaultConfigurationName = Release;
		};
		97D5932F2719F122000E30E5 /* Build configuration list for PBXNativeTarget "SwiftBreak" */ = {
			isa = XCConfigurationList;
			buildConfigurations = (
				97D593302719F122000E30E5 /* Debug */,
				97D593312719F122000E30E5 /* Release */,
			);
			defaultConfigurationIsVisible = 0;
			defaultConfigurationName = Release;
		};
		97D593322719F122000E30E5 /* Build configuration list for PBXNativeTarget "SwiftBreakTests" */ = {
			isa = XCConfigurationList;
			buildConfigurations = (
				97D593332719F122000E30E5 /* Debug */,
				97D593342719F122000E30E5 /* Release */,
			);
			defaultConfigurationIsVisible = 0;
			defaultConfigurationName = Release;
		};
		97D593352719F122000E30E5 /* Build configuration list for PBXNativeTarget "SwiftBreakUITests" */ = {
			isa = XCConfigurationList;
			buildConfigurations = (
				97D593362719F122000E30E5 /* Debug */,
				97D593372719F122000E30E5 /* Release */,
			);
			defaultConfigurationIsVisible = 0;
			defaultConfigurationName = Release;
		};
/* End XCConfigurationList section */
	};
	rootObject = 97D592FC2719F121000E30E5 /* Project object */;
}
